
Microsoft Visual Studio Solution File, Format Version 12.00
# Visual Studio Version 16
VisualStudioVersion = 16.0.29728.190
MinimumVisualStudioVersion = 10.0.40219.1
Project("{FAE04EC0-301F-11D3-BF4B-00C04F79EFBC}") = "TakeChatApi", "TakeChatApi\TakeChatApi.csproj", "{0ADF06ED-E777-42DC-8ADB-E09C43BE6DB6}"
EndProject
Project("{FAE04EC0-301F-11D3-BF4B-00C04F79EFBC}") = "RepositoryImpl", "RepositoryImpl\RepositoryImpl.csproj", "{B0EF9D9F-A6CF-4483-9D63-099AE9D8500F}"
EndProject
Project("{FAE04EC0-301F-11D3-BF4B-00C04F79EFBC}") = "IRepository", "IRepository\IRepository.csproj", "{04B835F6-F3CC-44D9-8720-5CBC7B2D4C5C}"
EndProject
Project("{FAE04EC0-301F-11D3-BF4B-00C04F79EFBC}") = "Domain", "Domain\Domain.csproj", "{60B412AD-DFF4-4D21-BF26-4D28A1ADCE77}"
EndProject
Global
	GlobalSection(SolutionConfigurationPlatforms) = preSolution
		Debug|Any CPU = Debug|Any CPU
		Release|Any CPU = Release|Any CPU
	EndGlobalSection
	GlobalSection(ProjectConfigurationPlatforms) = postSolution
		{0ADF06ED-E777-42DC-8ADB-E09C43BE6DB6}.Debug|Any CPU.ActiveCfg = Debug|Any CPU
		{0ADF06ED-E777-42DC-8ADB-E09C43BE6DB6}.Debug|Any CPU.Build.0 = Debug|Any CPU
		{0ADF06ED-E777-42DC-8ADB-E09C43BE6DB6}.Release|Any CPU.ActiveCfg = Release|Any CPU
		{0ADF06ED-E777-42DC-8ADB-E09C43BE6DB6}.Release|Any CPU.Build.0 = Release|Any CPU
		{B0EF9D9F-A6CF-4483-9D63-099AE9D8500F}.Debug|Any CPU.ActiveCfg = Debug|Any CPU
		{B0EF9D9F-A6CF-4483-9D63-099AE9D8500F}.Debug|Any CPU.Build.0 = Debug|Any CPU
		{B0EF9D9F-A6CF-4483-9D63-099AE9D8500F}.Release|Any CPU.ActiveCfg = Release|Any CPU
		{B0EF9D9F-A6CF-4483-9D63-099AE9D8500F}.Release|Any CPU.Build.0 = Release|Any CPU
		{04B835F6-F3CC-44D9-8720-5CBC7B2D4C5C}.Debug|Any CPU.ActiveCfg = Debug|Any CPU
		{04B835F6-F3CC-44D9-8720-5CBC7B2D4C5C}.Debug|Any CPU.Build.0 = Debug|Any CPU
		{04B835F6-F3CC-44D9-8720-5CBC7B2D4C5C}.Release|Any CPU.ActiveCfg = Release|Any CPU
		{04B835F6-F3CC-44D9-8720-5CBC7B2D4C5C}.Release|Any CPU.Build.0 = Release|Any CPU
		{60B412AD-DFF4-4D21-BF26-4D28A1ADCE77}.Debug|Any CPU.ActiveCfg = Debug|Any CPU
		{60B412AD-DFF4-4D21-BF26-4D28A1ADCE77}.Debug|Any CPU.Build.0 = Debug|Any CPU
		{60B412AD-DFF4-4D21-BF26-4D28A1ADCE77}.Release|Any CPU.ActiveCfg = Release|Any CPU
		{60B412AD-DFF4-4D21-BF26-4D28A1ADCE77}.Release|Any CPU.Build.0 = Release|Any CPU
	EndGlobalSection
	GlobalSection(SolutionProperties) = preSolution
		HideSolutionNode = FALSE
	EndGlobalSection
	GlobalSection(ExtensibilityGlobals) = postSolution
		SolutionGuid = {E327BA8A-68E8-48C9-ABFA-68FBD6D331C5}
	EndGlobalSection
EndGlobal
